
Microsoft Visual Studio Solution File, Format Version 12.00
Project("{FAE04EC0-301F-11D3-BF4B-00C04F79EFBC}") = "RaktarKezelo.Core", "RaktarKezelo.Core\RaktarKezelo.Core.csproj", "{50DDBC3B-5205-4E74-844F-5F42FE8EE63B}"
EndProject
Global
	GlobalSection(SolutionConfigurationPlatforms) = preSolution
		Debug|Any CPU = Debug|Any CPU
		Release|Any CPU = Release|Any CPU
	EndGlobalSection
	GlobalSection(ProjectConfigurationPlatforms) = postSolution
		{50DDBC3B-5205-4E74-844F-5F42FE8EE63B}.Debug|Any CPU.ActiveCfg = Debug|Any CPU
		{50DDBC3B-5205-4E74-844F-5F42FE8EE63B}.Debug|Any CPU.Build.0 = Debug|Any CPU
		{50DDBC3B-5205-4E74-844F-5F42FE8EE63B}.Release|Any CPU.ActiveCfg = Release|Any CPU
		{50DDBC3B-5205-4E74-844F-5F42FE8EE63B}.Release|Any CPU.Build.0 = Release|Any CPU
	EndGlobalSection
EndGlobal
